
Microsoft Visual Studio Solution File, Format Version 12.00
# Visual Studio Version 17
VisualStudioVersion = 17.5.002.0
MinimumVisualStudioVersion = 10.0.40219.1
Project("{9A19103F-16F7-4668-BE54-9A1E7A4F7556}") = "IBASEmployeeService", "IBASEmployeeService.csproj", "{80F369F9-ADC9-40AF-8CB0-8E95FE1966DB}"
EndProject
Global
	GlobalSection(SolutionConfigurationPlatforms) = preSolution
		Debug|Any CPU = Debug|Any CPU
		Release|Any CPU = Release|Any CPU
	EndGlobalSection
	GlobalSection(ProjectConfigurationPlatforms) = postSolution
		{80F369F9-ADC9-40AF-8CB0-8E95FE1966DB}.Debug|Any CPU.ActiveCfg = Debug|Any CPU
		{80F369F9-ADC9-40AF-8CB0-8E95FE1966DB}.Debug|Any CPU.Build.0 = Debug|Any CPU
		{80F369F9-ADC9-40AF-8CB0-8E95FE1966DB}.Release|Any CPU.ActiveCfg = Release|Any CPU
		{80F369F9-ADC9-40AF-8CB0-8E95FE1966DB}.Release|Any CPU.Build.0 = Release|Any CPU
	EndGlobalSection
	GlobalSection(SolutionProperties) = preSolution
		HideSolutionNode = FALSE
	EndGlobalSection
	GlobalSection(ExtensibilityGlobals) = postSolution
		SolutionGuid = {96029F2B-2DE1-4E2B-B409-144ECA3EC4F3}
	EndGlobalSection
EndGlobal
